// !$*UTF8*$!
{
	archiveVersion = 1;
	classes = {
	};
	objectVersion = 48;
	objects = {

/* Begin PBXBuildFile section */
		6C040A281FF1EF0400633963 /* PlayersViewModel.swift in Sources */ = {isa = PBXBuildFile; fileRef = 6C040A271FF1EF0400633963 /* PlayersViewModel.swift */; };
		6C27918C202971A60018CD21 /* CreatePlayerViewController.swift in Sources */ = {isa = PBXBuildFile; fileRef = 6C27918B202971A60018CD21 /* CreatePlayerViewController.swift */; };
		6C85C8F32028385E00A9D08E /* EditPlayerViewController.swift in Sources */ = {isa = PBXBuildFile; fileRef = 6C85C8F22028385E00A9D08E /* EditPlayerViewController.swift */; };
		6C922EA71FF41CE000FB9AAB /* TaLa.xcdatamodeld in Sources */ = {isa = PBXBuildFile; fileRef = 6C922EA51FF41CE000FB9AAB /* TaLa.xcdatamodeld */; };
		6C9294DA200CD26600BEF6CB /* Ext+UIImageView.swift in Sources */ = {isa = PBXBuildFile; fileRef = 6C9294D9200CD26600BEF6CB /* Ext+UIImageView.swift */; };
		6C9294DC200CD73C00BEF6CB /* RoundPlayerViewModel.swift in Sources */ = {isa = PBXBuildFile; fileRef = 6C9294DB200CD73C00BEF6CB /* RoundPlayerViewModel.swift */; };
		6C9294E0200F176B00BEF6CB /* LinkEatingView.swift in Sources */ = {isa = PBXBuildFile; fileRef = 6C9294DF200F176B00BEF6CB /* LinkEatingView.swift */; };
		6C9294E4200F498300BEF6CB /* LinkEatingViewModel.swift in Sources */ = {isa = PBXBuildFile; fileRef = 6C9294E3200F498300BEF6CB /* LinkEatingViewModel.swift */; };
		6C9294E6200F5A2500BEF6CB /* LinkEatingView.xib in Resources */ = {isa = PBXBuildFile; fileRef = 6C9294E5200F5A2500BEF6CB /* LinkEatingView.xib */; };
		6C9294E8200F73DE00BEF6CB /* Ext+UIFont.swift in Sources */ = {isa = PBXBuildFile; fileRef = 6C9294E7200F73DE00BEF6CB /* Ext+UIFont.swift */; };
		6C9294EA200FAD6200BEF6CB /* FlyCaptionView.swift in Sources */ = {isa = PBXBuildFile; fileRef = 6C9294E9200FAD6200BEF6CB /* FlyCaptionView.swift */; };
		6C9AEB072011FE2800D45B94 /* SpotlightView.swift in Sources */ = {isa = PBXBuildFile; fileRef = 6C9AEB062011FE2800D45B94 /* SpotlightView.swift */; };
		6C9AEB092012E08900D45B94 /* ConfirmWinView.swift in Sources */ = {isa = PBXBuildFile; fileRef = 6C9AEB082012E08900D45B94 /* ConfirmWinView.swift */; };
		6C9AEB0B2012E0A000D45B94 /* ConfirmWinView.xib in Resources */ = {isa = PBXBuildFile; fileRef = 6C9AEB0A2012E0A000D45B94 /* ConfirmWinView.xib */; };
		6C9AEB1120131F4A00D45B94 /* Command.swift in Sources */ = {isa = PBXBuildFile; fileRef = 6C9AEB1020131F4A00D45B94 /* Command.swift */; };
		6C9AEB14201321E300D45B94 /* UndoManager.swift in Sources */ = {isa = PBXBuildFile; fileRef = 6C9AEB13201321E300D45B94 /* UndoManager.swift */; };
		6C9AEB192014E7FD00D45B94 /* GradientView.swift in Sources */ = {isa = PBXBuildFile; fileRef = 6C9AEB182014E7FD00D45B94 /* GradientView.swift */; };
		6C9AEB1B2014E81C00D45B94 /* OrientedView.swift in Sources */ = {isa = PBXBuildFile; fileRef = 6C9AEB1A2014E81C00D45B94 /* OrientedView.swift */; };
		6CA13C1D1FEAA21400C4AB5E /* AppDelegate.swift in Sources */ = {isa = PBXBuildFile; fileRef = 6CA13C1C1FEAA21400C4AB5E /* AppDelegate.swift */; };
		6CA13C501FEAA39200C4AB5E /* Assets.xcassets in Resources */ = {isa = PBXBuildFile; fileRef = 6CA13C461FEAA39100C4AB5E /* Assets.xcassets */; };
		6CA13C511FEAA39200C4AB5E /* Info.plist in Resources */ = {isa = PBXBuildFile; fileRef = 6CA13C481FEAA39100C4AB5E /* Info.plist */; };
		6CA13C6A1FEAB3CC00C4AB5E /* Game+CoreDataClass.swift in Sources */ = {isa = PBXBuildFile; fileRef = 6CA13C681FEAB3CC00C4AB5E /* Game+CoreDataClass.swift */; };
		6CA13C6B1FEAB3CC00C4AB5E /* Game+CoreDataProperties.swift in Sources */ = {isa = PBXBuildFile; fileRef = 6CA13C691FEAB3CC00C4AB5E /* Game+CoreDataProperties.swift */; };
		6CA13C6E1FEAB3EA00C4AB5E /* Player+CoreDataClass.swift in Sources */ = {isa = PBXBuildFile; fileRef = 6CA13C6C1FEAB3EA00C4AB5E /* Player+CoreDataClass.swift */; };
		6CA13C6F1FEAB3EA00C4AB5E /* Player+CoreDataProperties.swift in Sources */ = {isa = PBXBuildFile; fileRef = 6CA13C6D1FEAB3EA00C4AB5E /* Player+CoreDataProperties.swift */; };
		6CA13C721FEAB4A800C4AB5E /* Round+CoreDataClass.swift in Sources */ = {isa = PBXBuildFile; fileRef = 6CA13C701FEAB4A800C4AB5E /* Round+CoreDataClass.swift */; };
		6CA13C731FEAB4A800C4AB5E /* Round+CoreDataProperties.swift in Sources */ = {isa = PBXBuildFile; fileRef = 6CA13C711FEAB4A800C4AB5E /* Round+CoreDataProperties.swift */; };
		6CA13C761FEAB4C000C4AB5E /* Rule+CoreDataClass.swift in Sources */ = {isa = PBXBuildFile; fileRef = 6CA13C741FEAB4C000C4AB5E /* Rule+CoreDataClass.swift */; };
		6CA13C771FEAB4C000C4AB5E /* Rule+CoreDataProperties.swift in Sources */ = {isa = PBXBuildFile; fileRef = 6CA13C751FEAB4C000C4AB5E /* Rule+CoreDataProperties.swift */; };
		6CA13C791FEAB7BF00C4AB5E /* CoreDataStack.swift in Sources */ = {isa = PBXBuildFile; fileRef = 6CA13C781FEAB7BF00C4AB5E /* CoreDataStack.swift */; };
		6CA13C811FEAC2F900C4AB5E /* LaunchScreen.storyboard in Resources */ = {isa = PBXBuildFile; fileRef = 6CA13C7B1FEAC2F900C4AB5E /* LaunchScreen.storyboard */; };
		6CA13C821FEAC2F900C4AB5E /* Main.storyboard in Resources */ = {isa = PBXBuildFile; fileRef = 6CA13C7D1FEAC2F900C4AB5E /* Main.storyboard */; };
		6CA13C841FEAC7D100C4AB5E /* SetUpPlayerViewModel.swift in Sources */ = {isa = PBXBuildFile; fileRef = 6CA13C831FEAC7D100C4AB5E /* SetUpPlayerViewModel.swift */; };
		6CA13C871FEAC89600C4AB5E /* Dynamic.swift in Sources */ = {isa = PBXBuildFile; fileRef = 6CA13C861FEAC89600C4AB5E /* Dynamic.swift */; };
		6CA13C8E1FEACCCB00C4AB5E /* Constants.swift in Sources */ = {isa = PBXBuildFile; fileRef = 6CA13C8C1FEACCCB00C4AB5E /* Constants.swift */; };
		6CA13C911FEAD70800C4AB5E /* GameManager.swift in Sources */ = {isa = PBXBuildFile; fileRef = 6CA13C901FEAD70800C4AB5E /* GameManager.swift */; };
		6CB4DBCA2022D3F8005B3CBC /* RoundOrderViewModel.swift in Sources */ = {isa = PBXBuildFile; fileRef = 6CB4DBC92022D3F7005B3CBC /* RoundOrderViewModel.swift */; };
		6CB4DBD02022ED0E005B3CBC /* RoundResultView.swift in Sources */ = {isa = PBXBuildFile; fileRef = 6CB4DBCF2022ED0E005B3CBC /* RoundResultView.swift */; };
		6CB4DBD22022ED15005B3CBC /* RoundResultView.xib in Resources */ = {isa = PBXBuildFile; fileRef = 6CB4DBD12022ED15005B3CBC /* RoundResultView.xib */; };
		6CB4DBD72022EE73005B3CBC /* RoundResultTableViewCell.swift in Sources */ = {isa = PBXBuildFile; fileRef = 6CB4DBD52022EE73005B3CBC /* RoundResultTableViewCell.swift */; };
		6CB4DBD82022EE73005B3CBC /* RoundResultTableViewCell.xib in Resources */ = {isa = PBXBuildFile; fileRef = 6CB4DBD62022EE73005B3CBC /* RoundResultTableViewCell.xib */; };
		6CB4DBDA2022F11C005B3CBC /* RoundResultTableViewCellModel.swift in Sources */ = {isa = PBXBuildFile; fileRef = 6CB4DBD92022F11C005B3CBC /* RoundResultTableViewCellModel.swift */; };
		6CB4DBDC2022F445005B3CBC /* RoundResultViewModel.swift in Sources */ = {isa = PBXBuildFile; fileRef = 6CB4DBDB2022F445005B3CBC /* RoundResultViewModel.swift */; };
		6CB4DBDF20246D90005B3CBC /* Ext+Formatter.swift in Sources */ = {isa = PBXBuildFile; fileRef = 6CB4DBDE20246D90005B3CBC /* Ext+Formatter.swift */; };
		6CB4DBE120270320005B3CBC /* BaseViewController.swift in Sources */ = {isa = PBXBuildFile; fileRef = 6CB4DBE020270320005B3CBC /* BaseViewController.swift */; };
		6CB4DBE320273EDA005B3CBC /* HistoryViewController.swift in Sources */ = {isa = PBXBuildFile; fileRef = 6CB4DBE220273EDA005B3CBC /* HistoryViewController.swift */; };
		6CB4DBE5202741ED005B3CBC /* Ext+NotificationName.swift in Sources */ = {isa = PBXBuildFile; fileRef = 6CB4DBE4202741ED005B3CBC /* Ext+NotificationName.swift */; };
		6CCED4492029C87100AADFDD /* Ext+UIViewController.swift in Sources */ = {isa = PBXBuildFile; fileRef = 6CCED4482029C87100AADFDD /* Ext+UIViewController.swift */; };
		6CCED44B202AE07200AADFDD /* HistoryTableViewCell.swift in Sources */ = {isa = PBXBuildFile; fileRef = 6CCED44A202AE07200AADFDD /* HistoryTableViewCell.swift */; };
		6CCED451202AF0C200AADFDD /* HistoryViewModel.swift in Sources */ = {isa = PBXBuildFile; fileRef = 6CCED450202AF0C200AADFDD /* HistoryViewModel.swift */; };
		6CCED453202B520100AADFDD /* History.swift in Sources */ = {isa = PBXBuildFile; fileRef = 6CCED452202B520100AADFDD /* History.swift */; };
		6CCED455202C51E400AADFDD /* HistoryTableViewCellModel.swift in Sources */ = {isa = PBXBuildFile; fileRef = 6CCED454202C51E400AADFDD /* HistoryTableViewCellModel.swift */; };
		6CCED457202C747D00AADFDD /* HistoryHeaderTableViewModel.swift in Sources */ = {isa = PBXBuildFile; fileRef = 6CCED456202C747D00AADFDD /* HistoryHeaderTableViewModel.swift */; };
		6CCED459202C797200AADFDD /* HistoryHeaderTableView.swift in Sources */ = {isa = PBXBuildFile; fileRef = 6CCED458202C797200AADFDD /* HistoryHeaderTableView.swift */; };
		6CCED45B202C7F4100AADFDD /* HistoryHeaderTableView.xib in Resources */ = {isa = PBXBuildFile; fileRef = 6CCED45A202C7F4100AADFDD /* HistoryHeaderTableView.xib */; };
		6CD77B9D1FEC0B17004160BC /* Ext+NSManagedObject.swift in Sources */ = {isa = PBXBuildFile; fileRef = 6CD77B9C1FEC0B17004160BC /* Ext+NSManagedObject.swift */; };
		6CD77B9F1FEC0C5B004160BC /* PlayerManager.swift in Sources */ = {isa = PBXBuildFile; fileRef = 6CD77B9E1FEC0C5B004160BC /* PlayerManager.swift */; };
		6CD77BA11FEC20C7004160BC /* Enumeration.swift in Sources */ = {isa = PBXBuildFile; fileRef = 6CD77BA01FEC20C7004160BC /* Enumeration.swift */; };
		6CD77BA31FEC2225004160BC /* BounderView.swift in Sources */ = {isa = PBXBuildFile; fileRef = 6CD77BA21FEC2225004160BC /* BounderView.swift */; };
		6CD77BA51FEC2645004160BC /* BounderViewModel.swift in Sources */ = {isa = PBXBuildFile; fileRef = 6CD77BA41FEC2645004160BC /* BounderViewModel.swift */; };
		6CD77BA71FEE0B67004160BC /* PlayerViewController.swift in Sources */ = {isa = PBXBuildFile; fileRef = 6CD77BA61FEE0B67004160BC /* PlayerViewController.swift */; };
		6CD77BA91FEE0CCC004160BC /* PlayersView.xib in Resources */ = {isa = PBXBuildFile; fileRef = 6CD77BA81FEE0CCC004160BC /* PlayersView.xib */; };
		6CD77BAB1FEE104F004160BC /* PlayersView.swift in Sources */ = {isa = PBXBuildFile; fileRef = 6CD77BAA1FEE104F004160BC /* PlayersView.swift */; };
		6CD77BAD1FEE2890004160BC /* Ext+UIView.swift in Sources */ = {isa = PBXBuildFile; fileRef = 6CD77BAC1FEE2890004160BC /* Ext+UIView.swift */; };
		6CD77BAF1FEE7575004160BC /* Ext+UIColor.swift in Sources */ = {isa = PBXBuildFile; fileRef = 6CD77BAE1FEE7575004160BC /* Ext+UIColor.swift */; };
		6CD77BB11FEE77AD004160BC /* PlayerFillInfoView.xib in Resources */ = {isa = PBXBuildFile; fileRef = 6CD77BB01FEE77AD004160BC /* PlayerFillInfoView.xib */; };
		6CD77BB31FEE7ABA004160BC /* PlayerFillInfoView.swift in Sources */ = {isa = PBXBuildFile; fileRef = 6CD77BB21FEE7ABA004160BC /* PlayerFillInfoView.swift */; };
		6CD77BB71FEF5809004160BC /* Ext+String.swift in Sources */ = {isa = PBXBuildFile; fileRef = 6CD77BB61FEF5809004160BC /* Ext+String.swift */; };
		6CD77BB91FEFAE14004160BC /* TLFileManager.swift in Sources */ = {isa = PBXBuildFile; fileRef = 6CD77BB81FEFAE14004160BC /* TLFileManager.swift */; };
		6CD829E41FF2953100528FA4 /* PersistentManager.swift in Sources */ = {isa = PBXBuildFile; fileRef = 6CD829E31FF2953100528FA4 /* PersistentManager.swift */; };
		6CD829F21FF2ADB500528FA4 /* RuleViewController.swift in Sources */ = {isa = PBXBuildFile; fileRef = 6CD829F11FF2ADB500528FA4 /* RuleViewController.swift */; };
		6CD829F41FF2AE0900528FA4 /* RuleTableViewCell.swift in Sources */ = {isa = PBXBuildFile; fileRef = 6CD829F31FF2AE0900528FA4 /* RuleTableViewCell.swift */; };
		6CD829F71FF2B05500528FA4 /* RuleViewModel.swift in Sources */ = {isa = PBXBuildFile; fileRef = 6CD829F61FF2B05500528FA4 /* RuleViewModel.swift */; };
		6CD829F91FF2B21B00528FA4 /* RuleSwitchTableHeaderViewl.swift in Sources */ = {isa = PBXBuildFile; fileRef = 6CD829F81FF2B21B00528FA4 /* RuleSwitchTableHeaderViewl.swift */; };
		6CD829FB1FF2C71100528FA4 /* RuleTableViewCellViewModel.swift in Sources */ = {isa = PBXBuildFile; fileRef = 6CD829FA1FF2C71100528FA4 /* RuleTableViewCellViewModel.swift */; };
		6CD829FD1FF2C72000528FA4 /* RuleSwitchTableViewCellViewModel.swift in Sources */ = {isa = PBXBuildFile; fileRef = 6CD829FC1FF2C72000528FA4 /* RuleSwitchTableViewCellViewModel.swift */; };
		6CDCDE8220022E5800DE5CC6 /* RoundViewController.swift in Sources */ = {isa = PBXBuildFile; fileRef = 6CDCDE8120022E5800DE5CC6 /* RoundViewController.swift */; };
		6CDCDE84200240D800DE5CC6 /* RoundLevelViewModel.swift in Sources */ = {isa = PBXBuildFile; fileRef = 6CDCDE83200240D800DE5CC6 /* RoundLevelViewModel.swift */; };
		6CDCDE862002561300DE5CC6 /* RoundViewModel.swift in Sources */ = {isa = PBXBuildFile; fileRef = 6CDCDE852002561300DE5CC6 /* RoundViewModel.swift */; };
		6CDCDE8A20025F1400DE5CC6 /* DoubleTapPanGestureRecognizer.swift in Sources */ = {isa = PBXBuildFile; fileRef = 6CDCDE8920025F1400DE5CC6 /* DoubleTapPanGestureRecognizer.swift */; };
		6CDCDE8F2002830C00DE5CC6 /* Ext+Date.swift in Sources */ = {isa = PBXBuildFile; fileRef = 6CDCDE8E2002830C00DE5CC6 /* Ext+Date.swift */; };
		6CDCDE982003C0B400DE5CC6 /* CustomSwipeGestureRecognizer.swift in Sources */ = {isa = PBXBuildFile; fileRef = 6CDCDE972003C0B400DE5CC6 /* CustomSwipeGestureRecognizer.swift */; };
		6CDCDE9A2003C29B00DE5CC6 /* Ext+CGPoint.swift in Sources */ = {isa = PBXBuildFile; fileRef = 6CDCDE992003C29B00DE5CC6 /* Ext+CGPoint.swift */; };
		6CDCDE9C2003D22A00DE5CC6 /* Ultil.swift in Sources */ = {isa = PBXBuildFile; fileRef = 6CDCDE9B2003D22A00DE5CC6 /* Ultil.swift */; };
		6CEF27F4200BC0B000F3671B /* Ext+CAAnimation.swift in Sources */ = {isa = PBXBuildFile; fileRef = 6CEF27F3200BC0B000F3671B /* Ext+CAAnimation.swift */; };
		6CF95B9220006D3E00EDB045 /* RoundLevelView.xib in Resources */ = {isa = PBXBuildFile; fileRef = 6CF95B9120006D3E00EDB045 /* RoundLevelView.xib */; };
		6CF95B9420006D4800EDB045 /* RoundLevelView.swift in Sources */ = {isa = PBXBuildFile; fileRef = 6CF95B9320006D4800EDB045 /* RoundLevelView.swift */; };
		6CF95B9E20022A1B00EDB045 /* RoundOrderView.swift in Sources */ = {isa = PBXBuildFile; fileRef = 6CF95B9D20022A1B00EDB045 /* RoundOrderView.swift */; };
		6CFFF6731FFD1A0B00C28268 /* RuleHeaderTableView.swift in Sources */ = {isa = PBXBuildFile; fileRef = 6CFFF6721FFD1A0B00C28268 /* RuleHeaderTableView.swift */; };
		6CFFF6751FFD1EA300C28268 /* RuleHeaderTableView.xib in Resources */ = {isa = PBXBuildFile; fileRef = 6CFFF6741FFD1EA300C28268 /* RuleHeaderTableView.xib */; };
		6CFFF68E1FFF542300C28268 /* RoundPlayerView.swift in Sources */ = {isa = PBXBuildFile; fileRef = 6CFFF68D1FFF542300C28268 /* RoundPlayerView.swift */; };
		6CFFF6941FFF544600C28268 /* RoundPlayerView.xib in Resources */ = {isa = PBXBuildFile; fileRef = 6CFFF6931FFF544600C28268 /* RoundPlayerView.xib */; };
/* End PBXBuildFile section */

/* Begin PBXFileReference section */
		6C040A271FF1EF0400633963 /* PlayersViewModel.swift */ = {isa = PBXFileReference; lastKnownFileType = sourcecode.swift; path = PlayersViewModel.swift; sourceTree = "<group>"; };
		6C27918B202971A60018CD21 /* CreatePlayerViewController.swift */ = {isa = PBXFileReference; lastKnownFileType = sourcecode.swift; path = CreatePlayerViewController.swift; sourceTree = "<group>"; };
		6C85C8F22028385E00A9D08E /* EditPlayerViewController.swift */ = {isa = PBXFileReference; lastKnownFileType = sourcecode.swift; path = EditPlayerViewController.swift; sourceTree = "<group>"; };
		6C922EA61FF41CE000FB9AAB /* TaLa.xcdatamodel */ = {isa = PBXFileReference; lastKnownFileType = wrapper.xcdatamodel; path = TaLa.xcdatamodel; sourceTree = "<group>"; };
		6C9294D9200CD26600BEF6CB /* Ext+UIImageView.swift */ = {isa = PBXFileReference; lastKnownFileType = sourcecode.swift; path = "Ext+UIImageView.swift"; sourceTree = "<group>"; };
		6C9294DB200CD73C00BEF6CB /* RoundPlayerViewModel.swift */ = {isa = PBXFileReference; lastKnownFileType = sourcecode.swift; path = RoundPlayerViewModel.swift; sourceTree = "<group>"; };
		6C9294DF200F176B00BEF6CB /* LinkEatingView.swift */ = {isa = PBXFileReference; lastKnownFileType = sourcecode.swift; path = LinkEatingView.swift; sourceTree = "<group>"; };
		6C9294E3200F498300BEF6CB /* LinkEatingViewModel.swift */ = {isa = PBXFileReference; lastKnownFileType = sourcecode.swift; path = LinkEatingViewModel.swift; sourceTree = "<group>"; };
		6C9294E5200F5A2500BEF6CB /* LinkEatingView.xib */ = {isa = PBXFileReference; lastKnownFileType = file.xib; path = LinkEatingView.xib; sourceTree = "<group>"; };
		6C9294E7200F73DE00BEF6CB /* Ext+UIFont.swift */ = {isa = PBXFileReference; lastKnownFileType = sourcecode.swift; path = "Ext+UIFont.swift"; sourceTree = "<group>"; };
		6C9294E9200FAD6200BEF6CB /* FlyCaptionView.swift */ = {isa = PBXFileReference; lastKnownFileType = sourcecode.swift; path = FlyCaptionView.swift; sourceTree = "<group>"; };
		6C9AEB062011FE2800D45B94 /* SpotlightView.swift */ = {isa = PBXFileReference; lastKnownFileType = sourcecode.swift; path = SpotlightView.swift; sourceTree = "<group>"; };
		6C9AEB082012E08900D45B94 /* ConfirmWinView.swift */ = {isa = PBXFileReference; lastKnownFileType = sourcecode.swift; path = ConfirmWinView.swift; sourceTree = "<group>"; };
		6C9AEB0A2012E0A000D45B94 /* ConfirmWinView.xib */ = {isa = PBXFileReference; lastKnownFileType = file.xib; path = ConfirmWinView.xib; sourceTree = "<group>"; };
		6C9AEB1020131F4A00D45B94 /* Command.swift */ = {isa = PBXFileReference; lastKnownFileType = sourcecode.swift; path = Command.swift; sourceTree = "<group>"; };
		6C9AEB13201321E300D45B94 /* UndoManager.swift */ = {isa = PBXFileReference; lastKnownFileType = sourcecode.swift; path = UndoManager.swift; sourceTree = "<group>"; };
		6C9AEB182014E7FD00D45B94 /* GradientView.swift */ = {isa = PBXFileReference; lastKnownFileType = sourcecode.swift; path = GradientView.swift; sourceTree = "<group>"; };
		6C9AEB1A2014E81C00D45B94 /* OrientedView.swift */ = {isa = PBXFileReference; lastKnownFileType = sourcecode.swift; path = OrientedView.swift; sourceTree = "<group>"; };
		6CA13C191FEAA21400C4AB5E /* TaLa.app */ = {isa = PBXFileReference; explicitFileType = wrapper.application; includeInIndex = 0; path = TaLa.app; sourceTree = BUILT_PRODUCTS_DIR; };
		6CA13C1C1FEAA21400C4AB5E /* AppDelegate.swift */ = {isa = PBXFileReference; lastKnownFileType = sourcecode.swift; path = AppDelegate.swift; sourceTree = "<group>"; };
		6CA13C461FEAA39100C4AB5E /* Assets.xcassets */ = {isa = PBXFileReference; lastKnownFileType = folder.assetcatalog; path = Assets.xcassets; sourceTree = "<group>"; };
		6CA13C481FEAA39100C4AB5E /* Info.plist */ = {isa = PBXFileReference; fileEncoding = 4; lastKnownFileType = text.plist.xml; path = Info.plist; sourceTree = "<group>"; };
		6CA13C681FEAB3CC00C4AB5E /* Game+CoreDataClass.swift */ = {isa = PBXFileReference; lastKnownFileType = sourcecode.swift; path = "Game+CoreDataClass.swift"; sourceTree = "<group>"; };
		6CA13C691FEAB3CC00C4AB5E /* Game+CoreDataProperties.swift */ = {isa = PBXFileReference; lastKnownFileType = sourcecode.swift; path = "Game+CoreDataProperties.swift"; sourceTree = "<group>"; };
		6CA13C6C1FEAB3EA00C4AB5E /* Player+CoreDataClass.swift */ = {isa = PBXFileReference; lastKnownFileType = sourcecode.swift; path = "Player+CoreDataClass.swift"; sourceTree = "<group>"; };
		6CA13C6D1FEAB3EA00C4AB5E /* Player+CoreDataProperties.swift */ = {isa = PBXFileReference; lastKnownFileType = sourcecode.swift; path = "Player+CoreDataProperties.swift"; sourceTree = "<group>"; };
		6CA13C701FEAB4A800C4AB5E /* Round+CoreDataClass.swift */ = {isa = PBXFileReference; lastKnownFileType = sourcecode.swift; path = "Round+CoreDataClass.swift"; sourceTree = "<group>"; };
		6CA13C711FEAB4A800C4AB5E /* Round+CoreDataProperties.swift */ = {isa = PBXFileReference; lastKnownFileType = sourcecode.swift; path = "Round+CoreDataProperties.swift"; sourceTree = "<group>"; };
		6CA13C741FEAB4C000C4AB5E /* Rule+CoreDataClass.swift */ = {isa = PBXFileReference; lastKnownFileType = sourcecode.swift; path = "Rule+CoreDataClass.swift"; sourceTree = "<group>"; };
		6CA13C751FEAB4C000C4AB5E /* Rule+CoreDataProperties.swift */ = {isa = PBXFileReference; lastKnownFileType = sourcecode.swift; path = "Rule+CoreDataProperties.swift"; sourceTree = "<group>"; };
		6CA13C781FEAB7BF00C4AB5E /* CoreDataStack.swift */ = {isa = PBXFileReference; lastKnownFileType = sourcecode.swift; path = CoreDataStack.swift; sourceTree = "<group>"; };
		6CA13C7C1FEAC2F900C4AB5E /* Base */ = {isa = PBXFileReference; lastKnownFileType = file.storyboard; name = Base; path = Base.lproj/LaunchScreen.storyboard; sourceTree = "<group>"; };
		6CA13C7E1FEAC2F900C4AB5E /* Base */ = {isa = PBXFileReference; lastKnownFileType = file.storyboard; name = Base; path = Base.lproj/Main.storyboard; sourceTree = "<group>"; };
		6CA13C831FEAC7D100C4AB5E /* SetUpPlayerViewModel.swift */ = {isa = PBXFileReference; lastKnownFileType = sourcecode.swift; path = SetUpPlayerViewModel.swift; sourceTree = "<group>"; };
		6CA13C861FEAC89600C4AB5E /* Dynamic.swift */ = {isa = PBXFileReference; lastKnownFileType = sourcecode.swift; path = Dynamic.swift; sourceTree = "<group>"; };
		6CA13C8C1FEACCCB00C4AB5E /* Constants.swift */ = {isa = PBXFileReference; fileEncoding = 4; lastKnownFileType = sourcecode.swift; path = Constants.swift; sourceTree = "<group>"; };
		6CA13C901FEAD70800C4AB5E /* GameManager.swift */ = {isa = PBXFileReference; lastKnownFileType = sourcecode.swift; path = GameManager.swift; sourceTree = "<group>"; };
		6CB4DBC92022D3F7005B3CBC /* RoundOrderViewModel.swift */ = {isa = PBXFileReference; lastKnownFileType = sourcecode.swift; path = RoundOrderViewModel.swift; sourceTree = "<group>"; };
		6CB4DBCF2022ED0E005B3CBC /* RoundResultView.swift */ = {isa = PBXFileReference; lastKnownFileType = sourcecode.swift; path = RoundResultView.swift; sourceTree = "<group>"; };
		6CB4DBD12022ED15005B3CBC /* RoundResultView.xib */ = {isa = PBXFileReference; lastKnownFileType = file.xib; path = RoundResultView.xib; sourceTree = "<group>"; };
		6CB4DBD52022EE73005B3CBC /* RoundResultTableViewCell.swift */ = {isa = PBXFileReference; lastKnownFileType = sourcecode.swift; path = RoundResultTableViewCell.swift; sourceTree = "<group>"; };
		6CB4DBD62022EE73005B3CBC /* RoundResultTableViewCell.xib */ = {isa = PBXFileReference; lastKnownFileType = file.xib; path = RoundResultTableViewCell.xib; sourceTree = "<group>"; };
		6CB4DBD92022F11C005B3CBC /* RoundResultTableViewCellModel.swift */ = {isa = PBXFileReference; lastKnownFileType = sourcecode.swift; path = RoundResultTableViewCellModel.swift; sourceTree = "<group>"; };
		6CB4DBDB2022F445005B3CBC /* RoundResultViewModel.swift */ = {isa = PBXFileReference; lastKnownFileType = sourcecode.swift; path = RoundResultViewModel.swift; sourceTree = "<group>"; };
		6CB4DBDE20246D90005B3CBC /* Ext+Formatter.swift */ = {isa = PBXFileReference; lastKnownFileType = sourcecode.swift; path = "Ext+Formatter.swift"; sourceTree = "<group>"; };
		6CB4DBE020270320005B3CBC /* BaseViewController.swift */ = {isa = PBXFileReference; lastKnownFileType = sourcecode.swift; path = BaseViewController.swift; sourceTree = "<group>"; };
		6CB4DBE220273EDA005B3CBC /* HistoryViewController.swift */ = {isa = PBXFileReference; lastKnownFileType = sourcecode.swift; path = HistoryViewController.swift; sourceTree = "<group>"; };
		6CB4DBE4202741ED005B3CBC /* Ext+NotificationName.swift */ = {isa = PBXFileReference; lastKnownFileType = sourcecode.swift; path = "Ext+NotificationName.swift"; sourceTree = "<group>"; };
		6CCED4482029C87100AADFDD /* Ext+UIViewController.swift */ = {isa = PBXFileReference; lastKnownFileType = sourcecode.swift; path = "Ext+UIViewController.swift"; sourceTree = "<group>"; };
		6CCED44A202AE07200AADFDD /* HistoryTableViewCell.swift */ = {isa = PBXFileReference; lastKnownFileType = sourcecode.swift; path = HistoryTableViewCell.swift; sourceTree = "<group>"; };
		6CCED450202AF0C200AADFDD /* HistoryViewModel.swift */ = {isa = PBXFileReference; lastKnownFileType = sourcecode.swift; path = HistoryViewModel.swift; sourceTree = "<group>"; };
		6CCED452202B520100AADFDD /* History.swift */ = {isa = PBXFileReference; lastKnownFileType = sourcecode.swift; path = History.swift; sourceTree = "<group>"; };
		6CCED454202C51E400AADFDD /* HistoryTableViewCellModel.swift */ = {isa = PBXFileReference; lastKnownFileType = sourcecode.swift; path = HistoryTableViewCellModel.swift; sourceTree = "<group>"; };
		6CCED456202C747D00AADFDD /* HistoryHeaderTableViewModel.swift */ = {isa = PBXFileReference; lastKnownFileType = sourcecode.swift; path = HistoryHeaderTableViewModel.swift; sourceTree = "<group>"; };
		6CCED458202C797200AADFDD /* HistoryHeaderTableView.swift */ = {isa = PBXFileReference; lastKnownFileType = sourcecode.swift; path = HistoryHeaderTableView.swift; sourceTree = "<group>"; };
		6CCED45A202C7F4100AADFDD /* HistoryHeaderTableView.xib */ = {isa = PBXFileReference; lastKnownFileType = file.xib; path = HistoryHeaderTableView.xib; sourceTree = "<group>"; };
		6CD77B9C1FEC0B17004160BC /* Ext+NSManagedObject.swift */ = {isa = PBXFileReference; lastKnownFileType = sourcecode.swift; path = "Ext+NSManagedObject.swift"; sourceTree = "<group>"; };
		6CD77B9E1FEC0C5B004160BC /* PlayerManager.swift */ = {isa = PBXFileReference; lastKnownFileType = sourcecode.swift; path = PlayerManager.swift; sourceTree = "<group>"; };
		6CD77BA01FEC20C7004160BC /* Enumeration.swift */ = {isa = PBXFileReference; lastKnownFileType = sourcecode.swift; path = Enumeration.swift; sourceTree = "<group>"; };
		6CD77BA21FEC2225004160BC /* BounderView.swift */ = {isa = PBXFileReference; lastKnownFileType = sourcecode.swift; path = BounderView.swift; sourceTree = "<group>"; };
		6CD77BA41FEC2645004160BC /* BounderViewModel.swift */ = {isa = PBXFileReference; lastKnownFileType = sourcecode.swift; path = BounderViewModel.swift; sourceTree = "<group>"; };
		6CD77BA61FEE0B67004160BC /* PlayerViewController.swift */ = {isa = PBXFileReference; lastKnownFileType = sourcecode.swift; path = PlayerViewController.swift; sourceTree = "<group>"; };
		6CD77BA81FEE0CCC004160BC /* PlayersView.xib */ = {isa = PBXFileReference; lastKnownFileType = file.xib; path = PlayersView.xib; sourceTree = "<group>"; };
		6CD77BAA1FEE104F004160BC /* PlayersView.swift */ = {isa = PBXFileReference; lastKnownFileType = sourcecode.swift; path = PlayersView.swift; sourceTree = "<group>"; };
		6CD77BAC1FEE2890004160BC /* Ext+UIView.swift */ = {isa = PBXFileReference; lastKnownFileType = sourcecode.swift; path = "Ext+UIView.swift"; sourceTree = "<group>"; };
		6CD77BAE1FEE7575004160BC /* Ext+UIColor.swift */ = {isa = PBXFileReference; lastKnownFileType = sourcecode.swift; path = "Ext+UIColor.swift"; sourceTree = "<group>"; };
		6CD77BB01FEE77AD004160BC /* PlayerFillInfoView.xib */ = {isa = PBXFileReference; lastKnownFileType = file.xib; name = PlayerFillInfoView.xib; path = TaLa/View/PlayerFillInfoView.xib; sourceTree = SOURCE_ROOT; };
		6CD77BB21FEE7ABA004160BC /* PlayerFillInfoView.swift */ = {isa = PBXFileReference; lastKnownFileType = sourcecode.swift; path = PlayerFillInfoView.swift; sourceTree = "<group>"; };
		6CD77BB61FEF5809004160BC /* Ext+String.swift */ = {isa = PBXFileReference; lastKnownFileType = sourcecode.swift; path = "Ext+String.swift"; sourceTree = "<group>"; };
		6CD77BB81FEFAE14004160BC /* TLFileManager.swift */ = {isa = PBXFileReference; lastKnownFileType = sourcecode.swift; path = TLFileManager.swift; sourceTree = "<group>"; };
		6CD829E31FF2953100528FA4 /* PersistentManager.swift */ = {isa = PBXFileReference; lastKnownFileType = sourcecode.swift; path = PersistentManager.swift; sourceTree = "<group>"; };
		6CD829F11FF2ADB500528FA4 /* RuleViewController.swift */ = {isa = PBXFileReference; lastKnownFileType = sourcecode.swift; path = RuleViewController.swift; sourceTree = "<group>"; };
		6CD829F31FF2AE0900528FA4 /* RuleTableViewCell.swift */ = {isa = PBXFileReference; lastKnownFileType = sourcecode.swift; path = RuleTableViewCell.swift; sourceTree = "<group>"; };
		6CD829F61FF2B05500528FA4 /* RuleViewModel.swift */ = {isa = PBXFileReference; lastKnownFileType = sourcecode.swift; path = RuleViewModel.swift; sourceTree = "<group>"; };
		6CD829F81FF2B21B00528FA4 /* RuleSwitchTableHeaderViewl.swift */ = {isa = PBXFileReference; lastKnownFileType = sourcecode.swift; path = RuleSwitchTableHeaderViewl.swift; sourceTree = "<group>"; };
		6CD829FA1FF2C71100528FA4 /* RuleTableViewCellViewModel.swift */ = {isa = PBXFileReference; lastKnownFileType = sourcecode.swift; path = RuleTableViewCellViewModel.swift; sourceTree = "<group>"; };
		6CD829FC1FF2C72000528FA4 /* RuleSwitchTableViewCellViewModel.swift */ = {isa = PBXFileReference; lastKnownFileType = sourcecode.swift; path = RuleSwitchTableViewCellViewModel.swift; sourceTree = "<group>"; };
		6CDCDE8120022E5800DE5CC6 /* RoundViewController.swift */ = {isa = PBXFileReference; lastKnownFileType = sourcecode.swift; path = RoundViewController.swift; sourceTree = "<group>"; };
		6CDCDE83200240D800DE5CC6 /* RoundLevelViewModel.swift */ = {isa = PBXFileReference; lastKnownFileType = sourcecode.swift; path = RoundLevelViewModel.swift; sourceTree = "<group>"; };
		6CDCDE852002561300DE5CC6 /* RoundViewModel.swift */ = {isa = PBXFileReference; lastKnownFileType = sourcecode.swift; path = RoundViewModel.swift; sourceTree = "<group>"; };
		6CDCDE8920025F1400DE5CC6 /* DoubleTapPanGestureRecognizer.swift */ = {isa = PBXFileReference; lastKnownFileType = sourcecode.swift; path = DoubleTapPanGestureRecognizer.swift; sourceTree = "<group>"; };
		6CDCDE8E2002830C00DE5CC6 /* Ext+Date.swift */ = {isa = PBXFileReference; lastKnownFileType = sourcecode.swift; path = "Ext+Date.swift"; sourceTree = "<group>"; };
		6CDCDE972003C0B400DE5CC6 /* CustomSwipeGestureRecognizer.swift */ = {isa = PBXFileReference; lastKnownFileType = sourcecode.swift; path = CustomSwipeGestureRecognizer.swift; sourceTree = "<group>"; };
		6CDCDE992003C29B00DE5CC6 /* Ext+CGPoint.swift */ = {isa = PBXFileReference; lastKnownFileType = sourcecode.swift; path = "Ext+CGPoint.swift"; sourceTree = "<group>"; };
		6CDCDE9B2003D22A00DE5CC6 /* Ultil.swift */ = {isa = PBXFileReference; lastKnownFileType = sourcecode.swift; path = Ultil.swift; sourceTree = "<group>"; };
		6CEF27F3200BC0B000F3671B /* Ext+CAAnimation.swift */ = {isa = PBXFileReference; lastKnownFileType = sourcecode.swift; path = "Ext+CAAnimation.swift"; sourceTree = "<group>"; };
		6CF95B9120006D3E00EDB045 /* RoundLevelView.xib */ = {isa = PBXFileReference; lastKnownFileType = file.xib; path = RoundLevelView.xib; sourceTree = "<group>"; };
		6CF95B9320006D4800EDB045 /* RoundLevelView.swift */ = {isa = PBXFileReference; lastKnownFileType = sourcecode.swift; path = RoundLevelView.swift; sourceTree = "<group>"; };
		6CF95B9D20022A1B00EDB045 /* RoundOrderView.swift */ = {isa = PBXFileReference; lastKnownFileType = sourcecode.swift; path = RoundOrderView.swift; sourceTree = "<group>"; };
		6CFFF6721FFD1A0B00C28268 /* RuleHeaderTableView.swift */ = {isa = PBXFileReference; lastKnownFileType = sourcecode.swift; path = RuleHeaderTableView.swift; sourceTree = "<group>"; };
		6CFFF6741FFD1EA300C28268 /* RuleHeaderTableView.xib */ = {isa = PBXFileReference; lastKnownFileType = file.xib; path = RuleHeaderTableView.xib; sourceTree = "<group>"; };
		6CFFF68D1FFF542300C28268 /* RoundPlayerView.swift */ = {isa = PBXFileReference; lastKnownFileType = sourcecode.swift; path = RoundPlayerView.swift; sourceTree = "<group>"; };
		6CFFF6931FFF544600C28268 /* RoundPlayerView.xib */ = {isa = PBXFileReference; lastKnownFileType = file.xib; path = RoundPlayerView.xib; sourceTree = "<group>"; };
/* End PBXFileReference section */

/* Begin PBXFrameworksBuildPhase section */
		6CA13C161FEAA21400C4AB5E /* Frameworks */ = {
			isa = PBXFrameworksBuildPhase;
			buildActionMask = 2147483647;
			files = (
			);
			runOnlyForDeploymentPostprocessing = 0;
		};
/* End PBXFrameworksBuildPhase section */

/* Begin PBXGroup section */
		6C9AEB1220131F5000D45B94 /* Command */ = {
			isa = PBXGroup;
			children = (
				6C9AEB1020131F4A00D45B94 /* Command.swift */,
			);
			path = Command;
			sourceTree = "<group>";
		};
		6CA13C101FEAA21400C4AB5E = {
			isa = PBXGroup;
			children = (
				6CA13C1B1FEAA21400C4AB5E /* TaLa */,
				6CA13C1A1FEAA21400C4AB5E /* Products */,
			);
			sourceTree = "<group>";
		};
		6CA13C1A1FEAA21400C4AB5E /* Products */ = {
			isa = PBXGroup;
			children = (
				6CA13C191FEAA21400C4AB5E /* TaLa.app */,
			);
			name = Products;
			sourceTree = "<group>";
		};
		6CA13C1B1FEAA21400C4AB5E /* TaLa */ = {
			isa = PBXGroup;
			children = (
				6CA13C1C1FEAA21400C4AB5E /* AppDelegate.swift */,
				6CA13C881FEACC9D00C4AB5E /* Helper */,
				6CA13C421FEAA39100C4AB5E /* Services */,
				6CA13C431FEAA39100C4AB5E /* Storage */,
				6CA13C8F1FEAD6F900C4AB5E /* Managers */,
				6CA13C3D1FEAA39100C4AB5E /* Model */,
				6CA13C491FEAA39200C4AB5E /* View */,
				6CA13C4E1FEAA39200C4AB5E /* ViewModel */,
				6CA13C441FEAA39100C4AB5E /* Resource */,
			);
			path = TaLa;
			sourceTree = "<group>";
		};
		6CA13C3D1FEAA39100C4AB5E /* Model */ = {
			isa = PBXGroup;
			children = (
				6CA13C851FEAC87500C4AB5E /* Dynamic */,
				6CA13C3E1FEAA39100C4AB5E /* CoreData */,
				6CA13C411FEAA39100C4AB5E /* Models */,
				6C9AEB1220131F5000D45B94 /* Command */,
			);
			path = Model;
			sourceTree = "<group>";
		};
		6CA13C3E1FEAA39100C4AB5E /* CoreData */ = {
			isa = PBXGroup;
			children = (
				6C922EA51FF41CE000FB9AAB /* TaLa.xcdatamodeld */,
				6CA13C781FEAB7BF00C4AB5E /* CoreDataStack.swift */,
			);
			path = CoreData;
			sourceTree = "<group>";
		};
		6CA13C411FEAA39100C4AB5E /* Models */ = {
			isa = PBXGroup;
			children = (
				6CA13C741FEAB4C000C4AB5E /* Rule+CoreDataClass.swift */,
				6CA13C751FEAB4C000C4AB5E /* Rule+CoreDataProperties.swift */,
				6CA13C701FEAB4A800C4AB5E /* Round+CoreDataClass.swift */,
				6CA13C711FEAB4A800C4AB5E /* Round+CoreDataProperties.swift */,
				6CA13C6C1FEAB3EA00C4AB5E /* Player+CoreDataClass.swift */,
				6CA13C6D1FEAB3EA00C4AB5E /* Player+CoreDataProperties.swift */,
				6CA13C681FEAB3CC00C4AB5E /* Game+CoreDataClass.swift */,
				6CA13C691FEAB3CC00C4AB5E /* Game+CoreDataProperties.swift */,
				6CCED452202B520100AADFDD /* History.swift */,
			);
			path = Models;
			sourceTree = "<group>";
		};
		6CA13C421FEAA39100C4AB5E /* Services */ = {
			isa = PBXGroup;
			children = (
			);
			path = Services;
			sourceTree = "<group>";
		};
		6CA13C431FEAA39100C4AB5E /* Storage */ = {
			isa = PBXGroup;
			children = (
			);
			path = Storage;
			sourceTree = "<group>";
		};
		6CA13C441FEAA39100C4AB5E /* Resource */ = {
			isa = PBXGroup;
			children = (
				6CA13C451FEAA39100C4AB5E /* Images */,
				6CA13C471FEAA39100C4AB5E /* Info */,
			);
			path = Resource;
			sourceTree = "<group>";
		};
		6CA13C451FEAA39100C4AB5E /* Images */ = {
			isa = PBXGroup;
			children = (
				6CA13C461FEAA39100C4AB5E /* Assets.xcassets */,
			);
			path = Images;
			sourceTree = "<group>";
		};
		6CA13C471FEAA39100C4AB5E /* Info */ = {
			isa = PBXGroup;
			children = (
				6CA13C481FEAA39100C4AB5E /* Info.plist */,
			);
			path = Info;
			sourceTree = "<group>";
		};
		6CA13C491FEAA39200C4AB5E /* View */ = {
			isa = PBXGroup;
			children = (
				6CDCDE8D20025F9E00DE5CC6 /* GestureRecognizer */,
				6CA13C7F1FEAC2F900C4AB5E /* View */,
				6CA13C801FEAC2F900C4AB5E /* ViewController */,
				6CA13C7A1FEAC2F900C4AB5E /* Storyboard */,
				6CD829F51FF2AE1200528FA4 /* TableViewCells */,
			);
			path = View;
			sourceTree = "<group>";
		};
		6CA13C4E1FEAA39200C4AB5E /* ViewModel */ = {
			isa = PBXGroup;
			children = (
				6CA13C831FEAC7D100C4AB5E /* SetUpPlayerViewModel.swift */,
				6C040A271FF1EF0400633963 /* PlayersViewModel.swift */,
				6CD77BA41FEC2645004160BC /* BounderViewModel.swift */,
				6CD829F61FF2B05500528FA4 /* RuleViewModel.swift */,
				6CD829FA1FF2C71100528FA4 /* RuleTableViewCellViewModel.swift */,
				6CD829FC1FF2C72000528FA4 /* RuleSwitchTableViewCellViewModel.swift */,
				6CDCDE83200240D800DE5CC6 /* RoundLevelViewModel.swift */,
				6C9294DB200CD73C00BEF6CB /* RoundPlayerViewModel.swift */,
				6CDCDE852002561300DE5CC6 /* RoundViewModel.swift */,
				6CB4DBC92022D3F7005B3CBC /* RoundOrderViewModel.swift */,
				6C9294E3200F498300BEF6CB /* LinkEatingViewModel.swift */,
				6CB4DBDB2022F445005B3CBC /* RoundResultViewModel.swift */,
				6CB4DBD92022F11C005B3CBC /* RoundResultTableViewCellModel.swift */,
				6CCED450202AF0C200AADFDD /* HistoryViewModel.swift */,
				6CCED454202C51E400AADFDD /* HistoryTableViewCellModel.swift */,
				6CCED456202C747D00AADFDD /* HistoryHeaderTableViewModel.swift */,
			);
			path = ViewModel;
			sourceTree = "<group>";
		};
		6CA13C7A1FEAC2F900C4AB5E /* Storyboard */ = {
			isa = PBXGroup;
			children = (
				6CA13C7B1FEAC2F900C4AB5E /* LaunchScreen.storyboard */,
				6CA13C7D1FEAC2F900C4AB5E /* Main.storyboard */,
			);
			path = Storyboard;
			sourceTree = "<group>";
		};
		6CA13C7F1FEAC2F900C4AB5E /* View */ = {
			isa = PBXGroup;
			children = (
				6CD77BA21FEC2225004160BC /* BounderView.swift */,
				6CD77BAA1FEE104F004160BC /* PlayersView.swift */,
				6CD77BA81FEE0CCC004160BC /* PlayersView.xib */,
				6CD77BB21FEE7ABA004160BC /* PlayerFillInfoView.swift */,
				6CD77BB01FEE77AD004160BC /* PlayerFillInfoView.xib */,
				6CFFF68D1FFF542300C28268 /* RoundPlayerView.swift */,
				6CFFF6931FFF544600C28268 /* RoundPlayerView.xib */,
				6CF95B9D20022A1B00EDB045 /* RoundOrderView.swift */,
				6CF95B9320006D4800EDB045 /* RoundLevelView.swift */,
				6CF95B9120006D3E00EDB045 /* RoundLevelView.xib */,
				6C9294DF200F176B00BEF6CB /* LinkEatingView.swift */,
				6C9294E5200F5A2500BEF6CB /* LinkEatingView.xib */,
				6C9294E9200FAD6200BEF6CB /* FlyCaptionView.swift */,
				6C9AEB062011FE2800D45B94 /* SpotlightView.swift */,
				6C9AEB082012E08900D45B94 /* ConfirmWinView.swift */,
				6C9AEB0A2012E0A000D45B94 /* ConfirmWinView.xib */,
				6C9AEB182014E7FD00D45B94 /* GradientView.swift */,
				6C9AEB1A2014E81C00D45B94 /* OrientedView.swift */,
				6CB4DBCF2022ED0E005B3CBC /* RoundResultView.swift */,
				6CB4DBD12022ED15005B3CBC /* RoundResultView.xib */,
			);
			path = View;
			sourceTree = "<group>";
		};
		6CA13C801FEAC2F900C4AB5E /* ViewController */ = {
			isa = PBXGroup;
			children = (
				6CB4DBE020270320005B3CBC /* BaseViewController.swift */,
				6CD77BA61FEE0B67004160BC /* PlayerViewController.swift */,
				6C27918B202971A60018CD21 /* CreatePlayerViewController.swift */,
				6C85C8F22028385E00A9D08E /* EditPlayerViewController.swift */,
				6CD829F11FF2ADB500528FA4 /* RuleViewController.swift */,
				6CDCDE8120022E5800DE5CC6 /* RoundViewController.swift */,
				6CB4DBE220273EDA005B3CBC /* HistoryViewController.swift */,
			);
			path = ViewController;
			sourceTree = "<group>";
		};
		6CA13C851FEAC87500C4AB5E /* Dynamic */ = {
			isa = PBXGroup;
			children = (
				6CA13C861FEAC89600C4AB5E /* Dynamic.swift */,
			);
			name = Dynamic;
			path = TaLa/Model/Dynamic;
			sourceTree = SOURCE_ROOT;
		};
		6CA13C881FEACC9D00C4AB5E /* Helper */ = {
			isa = PBXGroup;
			children = (
				6CA13C8B1FEACCCB00C4AB5E /* Constants */,
				6CA13C8D1FEACCCB00C4AB5E /* Extension */,
				6CDCDE9D2003D22E00DE5CC6 /* Util */,
			);
			path = Helper;
			sourceTree = "<group>";
		};
		6CA13C8B1FEACCCB00C4AB5E /* Constants */ = {
			isa = PBXGroup;
			children = (
				6CA13C8C1FEACCCB00C4AB5E /* Constants.swift */,
				6CD77BA01FEC20C7004160BC /* Enumeration.swift */,
			);
			path = Constants;
			sourceTree = "<group>";
		};
		6CA13C8D1FEACCCB00C4AB5E /* Extension */ = {
			isa = PBXGroup;
			children = (
				6CD77B9C1FEC0B17004160BC /* Ext+NSManagedObject.swift */,
				6CD77BAC1FEE2890004160BC /* Ext+UIView.swift */,
				6C9294D9200CD26600BEF6CB /* Ext+UIImageView.swift */,
				6CD77BAE1FEE7575004160BC /* Ext+UIColor.swift */,
				6CD77BB61FEF5809004160BC /* Ext+String.swift */,
				6CDCDE8E2002830C00DE5CC6 /* Ext+Date.swift */,
				6CDCDE992003C29B00DE5CC6 /* Ext+CGPoint.swift */,
				6CEF27F3200BC0B000F3671B /* Ext+CAAnimation.swift */,
				6C9294E7200F73DE00BEF6CB /* Ext+UIFont.swift */,
				6CB4DBDE20246D90005B3CBC /* Ext+Formatter.swift */,
				6CB4DBE4202741ED005B3CBC /* Ext+NotificationName.swift */,
				6CCED4482029C87100AADFDD /* Ext+UIViewController.swift */,
			);
			path = Extension;
			sourceTree = "<group>";
		};
		6CA13C8F1FEAD6F900C4AB5E /* Managers */ = {
			isa = PBXGroup;
			children = (
				6CA13C901FEAD70800C4AB5E /* GameManager.swift */,
				6CD77B9E1FEC0C5B004160BC /* PlayerManager.swift */,
				6CD77BB81FEFAE14004160BC /* TLFileManager.swift */,
				6CD829E31FF2953100528FA4 /* PersistentManager.swift */,
				6C9AEB13201321E300D45B94 /* UndoManager.swift */,
			);
			path = Managers;
			sourceTree = "<group>";
		};
		6CD829F51FF2AE1200528FA4 /* TableViewCells */ = {
			isa = PBXGroup;
			children = (
				6CD829F31FF2AE0900528FA4 /* RuleTableViewCell.swift */,
				6CD829F81FF2B21B00528FA4 /* RuleSwitchTableHeaderViewl.swift */,
				6CFFF6721FFD1A0B00C28268 /* RuleHeaderTableView.swift */,
				6CFFF6741FFD1EA300C28268 /* RuleHeaderTableView.xib */,
				6CB4DBD52022EE73005B3CBC /* RoundResultTableViewCell.swift */,
				6CB4DBD62022EE73005B3CBC /* RoundResultTableViewCell.xib */,
				6CCED44A202AE07200AADFDD /* HistoryTableViewCell.swift */,
				6CCED458202C797200AADFDD /* HistoryHeaderTableView.swift */,
				6CCED45A202C7F4100AADFDD /* HistoryHeaderTableView.xib */,
			);
			path = TableViewCells;
			sourceTree = "<group>";
		};
		6CDCDE8D20025F9E00DE5CC6 /* GestureRecognizer */ = {
			isa = PBXGroup;
			children = (
				6CDCDE8920025F1400DE5CC6 /* DoubleTapPanGestureRecognizer.swift */,
				6CDCDE972003C0B400DE5CC6 /* CustomSwipeGestureRecognizer.swift */,
			);
			path = GestureRecognizer;
			sourceTree = "<group>";
		};
		6CDCDE9D2003D22E00DE5CC6 /* Util */ = {
			isa = PBXGroup;
			children = (
				6CDCDE9B2003D22A00DE5CC6 /* Ultil.swift */,
			);
			path = Util;
			sourceTree = "<group>";
		};
/* End PBXGroup section */

/* Begin PBXNativeTarget section */
		6CA13C181FEAA21400C4AB5E /* TaLa */ = {
			isa = PBXNativeTarget;
			buildConfigurationList = 6CA13C2E1FEAA21400C4AB5E /* Build configuration list for PBXNativeTarget "TaLa" */;
			buildPhases = (
				6CA13C151FEAA21400C4AB5E /* Sources */,
				6CA13C161FEAA21400C4AB5E /* Frameworks */,
				6CA13C171FEAA21400C4AB5E /* Resources */,
			);
			buildRules = (
			);
			dependencies = (
			);
			name = TaLa;
			productName = TaLa;
			productReference = 6CA13C191FEAA21400C4AB5E /* TaLa.app */;
			productType = "com.apple.product-type.application";
		};
/* End PBXNativeTarget section */

/* Begin PBXProject section */
		6CA13C111FEAA21400C4AB5E /* Project object */ = {
			isa = PBXProject;
			attributes = {
				LastSwiftUpdateCheck = 0910;
				LastUpgradeCheck = 0910;
				ORGANIZATIONNAME = huydoquang;
				TargetAttributes = {
					6CA13C181FEAA21400C4AB5E = {
						CreatedOnToolsVersion = 9.1;
						ProvisioningStyle = Automatic;
					};
				};
			};
			buildConfigurationList = 6CA13C141FEAA21400C4AB5E /* Build configuration list for PBXProject "TaLa" */;
			compatibilityVersion = "Xcode 8.0";
			developmentRegion = en;
			hasScannedForEncodings = 0;
			knownRegions = (
				en,
				Base,
			);
			mainGroup = 6CA13C101FEAA21400C4AB5E;
			productRefGroup = 6CA13C1A1FEAA21400C4AB5E /* Products */;
			projectDirPath = "";
			projectRoot = "";
			targets = (
				6CA13C181FEAA21400C4AB5E /* TaLa */,
			);
		};
/* End PBXProject section */

/* Begin PBXResourcesBuildPhase section */
		6CA13C171FEAA21400C4AB5E /* Resources */ = {
			isa = PBXResourcesBuildPhase;
			buildActionMask = 2147483647;
			files = (
				6CF95B9220006D3E00EDB045 /* RoundLevelView.xib in Resources */,
				6CCED45B202C7F4100AADFDD /* HistoryHeaderTableView.xib in Resources */,
				6CA13C811FEAC2F900C4AB5E /* LaunchScreen.storyboard in Resources */,
				6CFFF6941FFF544600C28268 /* RoundPlayerView.xib in Resources */,
				6CD77BA91FEE0CCC004160BC /* PlayersView.xib in Resources */,
				6C9AEB0B2012E0A000D45B94 /* ConfirmWinView.xib in Resources */,
				6CB4DBD82022EE73005B3CBC /* RoundResultTableViewCell.xib in Resources */,
				6CD77BB11FEE77AD004160BC /* PlayerFillInfoView.xib in Resources */,
				6CFFF6751FFD1EA300C28268 /* RuleHeaderTableView.xib in Resources */,
				6CA13C511FEAA39200C4AB5E /* Info.plist in Resources */,
				6CA13C501FEAA39200C4AB5E /* Assets.xcassets in Resources */,
				6C9294E6200F5A2500BEF6CB /* LinkEatingView.xib in Resources */,
				6CB4DBD22022ED15005B3CBC /* RoundResultView.xib in Resources */,
				6CA13C821FEAC2F900C4AB5E /* Main.storyboard in Resources */,
			);
			runOnlyForDeploymentPostprocessing = 0;
		};
/* End PBXResourcesBuildPhase section */

/* Begin PBXSourcesBuildPhase section */
		6CA13C151FEAA21400C4AB5E /* Sources */ = {
			isa = PBXSourcesBuildPhase;
			buildActionMask = 2147483647;
			files = (
				6CA13C871FEAC89600C4AB5E /* Dynamic.swift in Sources */,
				6CB4DBDA2022F11C005B3CBC /* RoundResultTableViewCellModel.swift in Sources */,
				6CD77BB31FEE7ABA004160BC /* PlayerFillInfoView.swift in Sources */,
				6CB4DBDC2022F445005B3CBC /* RoundResultViewModel.swift in Sources */,
				6C9294E0200F176B00BEF6CB /* LinkEatingView.swift in Sources */,
				6CA13C1D1FEAA21400C4AB5E /* AppDelegate.swift in Sources */,
				6CA13C771FEAB4C000C4AB5E /* Rule+CoreDataProperties.swift in Sources */,
				6C9294EA200FAD6200BEF6CB /* FlyCaptionView.swift in Sources */,
				6CB4DBDF20246D90005B3CBC /* Ext+Formatter.swift in Sources */,
				6CCED453202B520100AADFDD /* History.swift in Sources */,
				6CB4DBD02022ED0E005B3CBC /* RoundResultView.swift in Sources */,
				6CDCDE8220022E5800DE5CC6 /* RoundViewController.swift in Sources */,
				6CDCDE862002561300DE5CC6 /* RoundViewModel.swift in Sources */,
				6CA13C721FEAB4A800C4AB5E /* Round+CoreDataClass.swift in Sources */,
				6CD829E41FF2953100528FA4 /* PersistentManager.swift in Sources */,
				6CD829F91FF2B21B00528FA4 /* RuleSwitchTableHeaderViewl.swift in Sources */,
				6CB4DBE320273EDA005B3CBC /* HistoryViewController.swift in Sources */,
				6CD77BAD1FEE2890004160BC /* Ext+UIView.swift in Sources */,
				6CDCDE9A2003C29B00DE5CC6 /* Ext+CGPoint.swift in Sources */,
				6CD77BAF1FEE7575004160BC /* Ext+UIColor.swift in Sources */,
				6CA13C911FEAD70800C4AB5E /* GameManager.swift in Sources */,
				6CB4DBE120270320005B3CBC /* BaseViewController.swift in Sources */,
				6CCED44B202AE07200AADFDD /* HistoryTableViewCell.swift in Sources */,
				6CF95B9420006D4800EDB045 /* RoundLevelView.swift in Sources */,
				6CD77B9D1FEC0B17004160BC /* Ext+NSManagedObject.swift in Sources */,
				6CDCDE8A20025F1400DE5CC6 /* DoubleTapPanGestureRecognizer.swift in Sources */,
				6CA13C6E1FEAB3EA00C4AB5E /* Player+CoreDataClass.swift in Sources */,
				6C9AEB192014E7FD00D45B94 /* GradientView.swift in Sources */,
				6CD77BB71FEF5809004160BC /* Ext+String.swift in Sources */,
				6CB4DBCA2022D3F8005B3CBC /* RoundOrderViewModel.swift in Sources */,
				6CDCDE84200240D800DE5CC6 /* RoundLevelViewModel.swift in Sources */,
				6CCED457202C747D00AADFDD /* HistoryHeaderTableViewModel.swift in Sources */,
				6CFFF68E1FFF542300C28268 /* RoundPlayerView.swift in Sources */,
				6CCED455202C51E400AADFDD /* HistoryTableViewCellModel.swift in Sources */,
				6C9AEB1120131F4A00D45B94 /* Command.swift in Sources */,
				6CD77B9F1FEC0C5B004160BC /* PlayerManager.swift in Sources */,
				6C9294DA200CD26600BEF6CB /* Ext+UIImageView.swift in Sources */,
				6CB4DBE5202741ED005B3CBC /* Ext+NotificationName.swift in Sources */,
				6CA13C8E1FEACCCB00C4AB5E /* Constants.swift in Sources */,
				6CCED459202C797200AADFDD /* HistoryHeaderTableView.swift in Sources */,
				6C9AEB072011FE2800D45B94 /* SpotlightView.swift in Sources */,
				6CEF27F4200BC0B000F3671B /* Ext+CAAnimation.swift in Sources */,
				6C85C8F32028385E00A9D08E /* EditPlayerViewController.swift in Sources */,
				6C9294E4200F498300BEF6CB /* LinkEatingViewModel.swift in Sources */,
				6CD829F21FF2ADB500528FA4 /* RuleViewController.swift in Sources */,
				6CD77BAB1FEE104F004160BC /* PlayersView.swift in Sources */,
				6CDCDE9C2003D22A00DE5CC6 /* Ultil.swift in Sources */,
				6CA13C6F1FEAB3EA00C4AB5E /* Player+CoreDataProperties.swift in Sources */,
				6CD77BB91FEFAE14004160BC /* TLFileManager.swift in Sources */,
				6C27918C202971A60018CD21 /* CreatePlayerViewController.swift in Sources */,
				6CD829F71FF2B05500528FA4 /* RuleViewModel.swift in Sources */,
				6CA13C761FEAB4C000C4AB5E /* Rule+CoreDataClass.swift in Sources */,
				6CD829FB1FF2C71100528FA4 /* RuleTableViewCellViewModel.swift in Sources */,
				6CD77BA11FEC20C7004160BC /* Enumeration.swift in Sources */,
				6CCED4492029C87100AADFDD /* Ext+UIViewController.swift in Sources */,
				6CD829F41FF2AE0900528FA4 /* RuleTableViewCell.swift in Sources */,
				6CD77BA51FEC2645004160BC /* BounderViewModel.swift in Sources */,
				6C9AEB1B2014E81C00D45B94 /* OrientedView.swift in Sources */,
				6C9AEB092012E08900D45B94 /* ConfirmWinView.swift in Sources */,
				6CDCDE982003C0B400DE5CC6 /* CustomSwipeGestureRecognizer.swift in Sources */,
				6C9AEB14201321E300D45B94 /* UndoManager.swift in Sources */,
				6C9294DC200CD73C00BEF6CB /* RoundPlayerViewModel.swift in Sources */,
				6CD77BA31FEC2225004160BC /* BounderView.swift in Sources */,
				6C922EA71FF41CE000FB9AAB /* TaLa.xcdatamodeld in Sources */,
				6CB4DBD72022EE73005B3CBC /* RoundResultTableViewCell.swift in Sources */,
				6CCED451202AF0C200AADFDD /* HistoryViewModel.swift in Sources */,
				6CA13C791FEAB7BF00C4AB5E /* CoreDataStack.swift in Sources */,
				6C040A281FF1EF0400633963 /* PlayersViewModel.swift in Sources */,
				6CA13C731FEAB4A800C4AB5E /* Round+CoreDataProperties.swift in Sources */,
				6CF95B9E20022A1B00EDB045 /* RoundOrderView.swift in Sources */,
				6CA13C6B1FEAB3CC00C4AB5E /* Game+CoreDataProperties.swift in Sources */,
				6CDCDE8F2002830C00DE5CC6 /* Ext+Date.swift in Sources */,
				6CD829FD1FF2C72000528FA4 /* RuleSwitchTableViewCellViewModel.swift in Sources */,
				6C9294E8200F73DE00BEF6CB /* Ext+UIFont.swift in Sources */,
				6CFFF6731FFD1A0B00C28268 /* RuleHeaderTableView.swift in Sources */,
				6CD77BA71FEE0B67004160BC /* PlayerViewController.swift in Sources */,
				6CA13C6A1FEAB3CC00C4AB5E /* Game+CoreDataClass.swift in Sources */,
				6CA13C841FEAC7D100C4AB5E /* SetUpPlayerViewModel.swift in Sources */,
			);
			runOnlyForDeploymentPostprocessing = 0;
		};
/* End PBXSourcesBuildPhase section */

/* Begin PBXVariantGroup section */
		6CA13C7B1FEAC2F900C4AB5E /* LaunchScreen.storyboard */ = {
			isa = PBXVariantGroup;
			children = (
				6CA13C7C1FEAC2F900C4AB5E /* Base */,
			);
			name = LaunchScreen.storyboard;
			sourceTree = "<group>";
		};
		6CA13C7D1FEAC2F900C4AB5E /* Main.storyboard */ = {
			isa = PBXVariantGroup;
			children = (
				6CA13C7E1FEAC2F900C4AB5E /* Base */,
			);
			name = Main.storyboard;
			sourceTree = "<group>";
		};
/* End PBXVariantGroup section */

/* Begin XCBuildConfiguration section */
		6CA13C2C1FEAA21400C4AB5E /* Debug */ = {
			isa = XCBuildConfiguration;
			buildSettings = {
				ALWAYS_SEARCH_USER_PATHS = NO;
				CLANG_ANALYZER_NONNULL = YES;
				CLANG_ANALYZER_NUMBER_OBJECT_CONVERSION = YES_AGGRESSIVE;
				CLANG_CXX_LANGUAGE_STANDARD = "gnu++14";
				CLANG_CXX_LIBRARY = "libc++";
				CLANG_ENABLE_MODULES = YES;
				CLANG_ENABLE_OBJC_ARC = YES;
				CLANG_WARN_BLOCK_CAPTURE_AUTORELEASING = YES;
				CLANG_WARN_BOOL_CONVERSION = YES;
				CLANG_WARN_COMMA = YES;
				CLANG_WARN_CONSTANT_CONVERSION = YES;
				CLANG_WARN_DIRECT_OBJC_ISA_USAGE = YES_ERROR;
				CLANG_WARN_DOCUMENTATION_COMMENTS = YES;
				CLANG_WARN_EMPTY_BODY = YES;
				CLANG_WARN_ENUM_CONVERSION = YES;
				CLANG_WARN_INFINITE_RECURSION = YES;
				CLANG_WARN_INT_CONVERSION = YES;
				CLANG_WARN_NON_LITERAL_NULL_CONVERSION = YES;
				CLANG_WARN_OBJC_LITERAL_CONVERSION = YES;
				CLANG_WARN_OBJC_ROOT_CLASS = YES_ERROR;
				CLANG_WARN_RANGE_LOOP_ANALYSIS = YES;
				CLANG_WARN_STRICT_PROTOTYPES = YES;
				CLANG_WARN_SUSPICIOUS_MOVE = YES;
				CLANG_WARN_UNGUARDED_AVAILABILITY = YES_AGGRESSIVE;
				CLANG_WARN_UNREACHABLE_CODE = YES;
				CLANG_WARN__DUPLICATE_METHOD_MATCH = YES;
				CODE_SIGN_IDENTITY = "iPhone Developer";
				COPY_PHASE_STRIP = NO;
				DEBUG_INFORMATION_FORMAT = dwarf;
				ENABLE_STRICT_OBJC_MSGSEND = YES;
				ENABLE_TESTABILITY = YES;
				GCC_C_LANGUAGE_STANDARD = gnu11;
				GCC_DYNAMIC_NO_PIC = NO;
				GCC_NO_COMMON_BLOCKS = YES;
				GCC_OPTIMIZATION_LEVEL = 0;
				GCC_PREPROCESSOR_DEFINITIONS = (
					"DEBUG=1",
					"$(inherited)",
				);
				GCC_WARN_64_TO_32_BIT_CONVERSION = YES;
				GCC_WARN_ABOUT_RETURN_TYPE = YES_ERROR;
				GCC_WARN_UNDECLARED_SELECTOR = YES;
				GCC_WARN_UNINITIALIZED_AUTOS = YES_AGGRESSIVE;
				GCC_WARN_UNUSED_FUNCTION = YES;
				GCC_WARN_UNUSED_VARIABLE = YES;
				IPHONEOS_DEPLOYMENT_TARGET = 11.1;
				MTL_ENABLE_DEBUG_INFO = YES;
				ONLY_ACTIVE_ARCH = YES;
				SDKROOT = iphoneos;
				SWIFT_ACTIVE_COMPILATION_CONDITIONS = DEBUG;
				SWIFT_OPTIMIZATION_LEVEL = "-Onone";
			};
			name = Debug;
		};
		6CA13C2D1FEAA21400C4AB5E /* Release */ = {
			isa = XCBuildConfiguration;
			buildSettings = {
				ALWAYS_SEARCH_USER_PATHS = NO;
				CLANG_ANALYZER_NONNULL = YES;
				CLANG_ANALYZER_NUMBER_OBJECT_CONVERSION = YES_AGGRESSIVE;
				CLANG_CXX_LANGUAGE_STANDARD = "gnu++14";
				CLANG_CXX_LIBRARY = "libc++";
				CLANG_ENABLE_MODULES = YES;
				CLANG_ENABLE_OBJC_ARC = YES;
				CLANG_WARN_BLOCK_CAPTURE_AUTORELEASING = YES;
				CLANG_WARN_BOOL_CONVERSION = YES;
				CLANG_WARN_COMMA = YES;
				CLANG_WARN_CONSTANT_CONVERSION = YES;
				CLANG_WARN_DIRECT_OBJC_ISA_USAGE = YES_ERROR;
				CLANG_WARN_DOCUMENTATION_COMMENTS = YES;
				CLANG_WARN_EMPTY_BODY = YES;
				CLANG_WARN_ENUM_CONVERSION = YES;
				CLANG_WARN_INFINITE_RECURSION = YES;
				CLANG_WARN_INT_CONVERSION = YES;
				CLANG_WARN_NON_LITERAL_NULL_CONVERSION = YES;
				CLANG_WARN_OBJC_LITERAL_CONVERSION = YES;
				CLANG_WARN_OBJC_ROOT_CLASS = YES_ERROR;
				CLANG_WARN_RANGE_LOOP_ANALYSIS = YES;
				CLANG_WARN_STRICT_PROTOTYPES = YES;
				CLANG_WARN_SUSPICIOUS_MOVE = YES;
				CLANG_WARN_UNGUARDED_AVAILABILITY = YES_AGGRESSIVE;
				CLANG_WARN_UNREACHABLE_CODE = YES;
				CLANG_WARN__DUPLICATE_METHOD_MATCH = YES;
				CODE_SIGN_IDENTITY = "iPhone Developer";
				COPY_PHASE_STRIP = NO;
				DEBUG_INFORMATION_FORMAT = "dwarf-with-dsym";
				ENABLE_NS_ASSERTIONS = NO;
				ENABLE_STRICT_OBJC_MSGSEND = YES;
				GCC_C_LANGUAGE_STANDARD = gnu11;
				GCC_NO_COMMON_BLOCKS = YES;
				GCC_WARN_64_TO_32_BIT_CONVERSION = YES;
				GCC_WARN_ABOUT_RETURN_TYPE = YES_ERROR;
				GCC_WARN_UNDECLARED_SELECTOR = YES;
				GCC_WARN_UNINITIALIZED_AUTOS = YES_AGGRESSIVE;
				GCC_WARN_UNUSED_FUNCTION = YES;
				GCC_WARN_UNUSED_VARIABLE = YES;
				IPHONEOS_DEPLOYMENT_TARGET = 11.1;
				MTL_ENABLE_DEBUG_INFO = NO;
				SDKROOT = iphoneos;
				SWIFT_OPTIMIZATION_LEVEL = "-Owholemodule";
				VALIDATE_PRODUCT = YES;
			};
			name = Release;
		};
		6CA13C2F1FEAA21400C4AB5E /* Debug */ = {
			isa = XCBuildConfiguration;
			buildSettings = {
				ASSETCATALOG_COMPILER_APPICON_NAME = AppIcon;
				CODE_SIGN_STYLE = Automatic;
				DEVELOPMENT_TEAM = 3ESZLRY25L;
				INFOPLIST_FILE = "$(SRCROOT)/TaLa/Resource/Info/Info.plist";
				LD_RUNPATH_SEARCH_PATHS = "$(inherited) @executable_path/Frameworks";
				PRODUCT_BUNDLE_IDENTIFIER = com.huydq.TaLa;
				PRODUCT_NAME = "$(TARGET_NAME)";
				SWIFT_VERSION = 4.0;
				TARGETED_DEVICE_FAMILY = "1,2";
			};
			name = Debug;
		};
		6CA13C301FEAA21400C4AB5E /* Release */ = {
			isa = XCBuildConfiguration;
			buildSettings = {
				ASSETCATALOG_COMPILER_APPICON_NAME = AppIcon;
				CODE_SIGN_STYLE = Automatic;
				DEVELOPMENT_TEAM = 3ESZLRY25L;
				INFOPLIST_FILE = "$(SRCROOT)/TaLa/Resource/Info/Info.plist";
				LD_RUNPATH_SEARCH_PATHS = "$(inherited) @executable_path/Frameworks";
				PRODUCT_BUNDLE_IDENTIFIER = com.huydq.TaLa;
				PRODUCT_NAME = "$(TARGET_NAME)";
				SWIFT_VERSION = 4.0;
				TARGETED_DEVICE_FAMILY = "1,2";
			};
			name = Release;
		};
/* End XCBuildConfiguration section */

/* Begin XCConfigurationList section */
		6CA13C141FEAA21400C4AB5E /* Build configuration list for PBXProject "TaLa" */ = {
			isa = XCConfigurationList;
			buildConfigurations = (
				6CA13C2C1FEAA21400C4AB5E /* Debug */,
				6CA13C2D1FEAA21400C4AB5E /* Release */,
			);
			defaultConfigurationIsVisible = 0;
			defaultConfigurationName = Release;
		};
		6CA13C2E1FEAA21400C4AB5E /* Build configuration list for PBXNativeTarget "TaLa" */ = {
			isa = XCConfigurationList;
			buildConfigurations = (
				6CA13C2F1FEAA21400C4AB5E /* Debug */,
				6CA13C301FEAA21400C4AB5E /* Release */,
			);
			defaultConfigurationIsVisible = 0;
			defaultConfigurationName = Release;
		};
/* End XCConfigurationList section */

/* Begin XCVersionGroup section */
		6C922EA51FF41CE000FB9AAB /* TaLa.xcdatamodeld */ = {
			isa = XCVersionGroup;
			children = (
				6C922EA61FF41CE000FB9AAB /* TaLa.xcdatamodel */,
			);
			currentVersion = 6C922EA61FF41CE000FB9AAB /* TaLa.xcdatamodel */;
			path = TaLa.xcdatamodeld;
			sourceTree = "<group>";
			versionGroupType = wrapper.xcdatamodel;
		};
/* End XCVersionGroup section */
	};
	rootObject = 6CA13C111FEAA21400C4AB5E /* Project object */;
}
